
Microsoft Visual Studio Solution File, Format Version 12.00
# Visual Studio Version 17
VisualStudioVersion = 17.5.33502.453
MinimumVisualStudioVersion = 10.0.40219.1
Project("{FAE04EC0-301F-11D3-BF4B-00C04F79EFBC}") = "ContoursConstructor", "ContoursConstructor.csproj", "{141EC163-4FF7-41C6-9986-49AB5DF63891}"
EndProject
Global
	GlobalSection(SolutionConfigurationPlatforms) = preSolution
		Debug|Any CPU = Debug|Any CPU
		Release|Any CPU = Release|Any CPU
	EndGlobalSection
	GlobalSection(ProjectConfigurationPlatforms) = postSolution
		{141EC163-4FF7-41C6-9986-49AB5DF63891}.Debug|Any CPU.ActiveCfg = Debug|Any CPU
		{141EC163-4FF7-41C6-9986-49AB5DF63891}.Debug|Any CPU.Build.0 = Debug|Any CPU
		{141EC163-4FF7-41C6-9986-49AB5DF63891}.Release|Any CPU.ActiveCfg = Release|Any CPU
		{141EC163-4FF7-41C6-9986-49AB5DF63891}.Release|Any CPU.Build.0 = Release|Any CPU
	EndGlobalSection
	GlobalSection(SolutionProperties) = preSolution
		HideSolutionNode = FALSE
	EndGlobalSection
	GlobalSection(ExtensibilityGlobals) = postSolution
		SolutionGuid = {883995D7-B18A-4F50-B7FC-CE837DD016B7}
	EndGlobalSection
EndGlobal
